<?xml version="1.0" encoding="utf-8"?>
<Project ToolsVersion="4.0" xmlns="http://schemas.microsoft.com/developer/msbuild/2003">
  <ItemGroup>
    <Filter Include="Source Files">
      <UniqueIdentifier>{4FC737F1-C7A5-4376-A066-2A32D752A2FF}</UniqueIdentifier>
      <Extensions>cpp;c;cc;cxx;c++;cppm;ixx;def;odl;idl;hpj;bat;asm;asmx</Extensions>
    </Filter>
    <Filter Include="Header Files">
      <UniqueIdentifier>{93995380-89BD-4b04-88EB-625FBE52EBFB}</UniqueIdentifier>
      <Extensions>h;hh;hpp;hxx;h++;hm;inl;inc;ipp;xsd</Extensions>
    </Filter>
    <Filter Include="Resource Files">
      <UniqueIdentifier>{67DA6AB6-F800-4c08-8B7A-83BB121AAD01}</UniqueIdentifier>
      <Extensions>rc;ico;cur;bmp;dlg;rc2;rct;bin;rgs;gif;jpg;jpeg;jpe;resx;tiff;tif;png;wav;mfcribbon-ms</Extensions>
    </Filter>
    <Filter Include="Source Files\01">
      <UniqueIdentifier>{65454e09-7a3b-4b0d-8c4b-8e4fc0dfcef3}</UniqueIdentifier>
    </Filter>
    <Filter Include="Source Files\02">
      <UniqueIdentifier>{c21b5ef4-2c2c-4e16-8cb3-d438e71b4651}</UniqueIdentifier>
    </Filter>
    <Filter Include="Source Files\03">
      <UniqueIdentifier>{ebd2e797-e0ca-48b2-86c1-53258c99f108}</UniqueIdentifier>
    </Filter>
    <Filter Include="Source Files\04">
      <UniqueIdentifier>{14403e92-3aca-4e2c-96c5-2404d9c4bad2}</UniqueIdentifier>
    </Filter>
    <Filter Include="Source Files\05">
      <UniqueIdentifier>{c9c7f55a-d1be-4bd3-a4d7-e21064b3f0fa}</UniqueIdentifier>
    </Filter>
    <Filter Include="Source Files\06">
      <UniqueIdentifier>{4eb6be91-3d56-49ff-8a54-a6c59e30c4aa}</UniqueIdentifier>
    </Filter>
    <Filter Include="Source Files\08">
      <UniqueIdentifier>{e5d215a8-114b-44cd-85c1-8bbc33833500}</UniqueIdentifier>
    </Filter>
    <Filter Include="Source Files\07">
      <UniqueIdentifier>{36997582-9911-4ec6-b2bc-02b4fd93f682}</UniqueIdentifier>
    </Filter>
    <Filter Include="Source Files\09">
      <UniqueIdentifier>{9c07340f-4d6f-41e0-99e8-02da2c07025f}</UniqueIdentifier>
    </Filter>
  </ItemGroup>
  <ItemGroup>
    <ClCompile Include="AdventSolution01.cpp">
      <Filter>Source Files\01</Filter>
    </ClCompile>
    <ClCompile Include="AdventSolution02.cpp">
      <Filter>Source Files\02</Filter>
    </ClCompile>
    <ClCompile Include="main.cpp">
      <Filter>Source Files</Filter>
    </ClCompile>
    <ClCompile Include="AdventSolution03.cpp">
      <Filter>Source Files\03</Filter>
    </ClCompile>
    <ClCompile Include="AdventSolution04.cpp">
      <Filter>Source Files\04</Filter>
    </ClCompile>
    <ClCompile Include="AdventSolution05.cpp">
      <Filter>Source Files\05</Filter>
    </ClCompile>
    <ClCompile Include="AdventSolution06.cpp">
      <Filter>Source Files\06</Filter>
    </ClCompile>
    <ClCompile Include="AdventSolution07.cpp">
      <Filter>Source Files\07</Filter>
    </ClCompile>
    <ClCompile Include="AdventSolution08.cpp">
      <Filter>Source Files\08</Filter>
    </ClCompile>
    <ClCompile Include="AdventSolution09.cpp">
      <Filter>Source Files\09</Filter>
    </ClCompile>
  </ItemGroup>
  <ItemGroup>
    <Text Include="input01.txt">
      <Filter>Resource Files</Filter>
    </Text>
    <Text Include="input02.txt">
      <Filter>Resource Files</Filter>
    </Text>
    <Text Include="input03.txt">
      <Filter>Resource Files</Filter>
    </Text>
    <Text Include="input04.txt">
      <Filter>Resource Files</Filter>
    </Text>
    <Text Include="input05.txt">
      <Filter>Resource Files</Filter>
    </Text>
    <Text Include="input06.txt">
      <Filter>Resource Files</Filter>
    </Text>
    <Text Include="input07.txt">
      <Filter>Resource Files</Filter>
    </Text>
    <Text Include="input08.txt">
      <Filter>Resource Files</Filter>
    </Text>
    <Text Include="input09.txt">
      <Filter>Resource Files</Filter>
    </Text>
    <Text Include="input10.txt">
      <Filter>Resource Files</Filter>
    </Text>
    <Text Include="input11.txt">
      <Filter>Resource Files</Filter>
    </Text>
    <Text Include="input12.txt">
      <Filter>Resource Files</Filter>
    </Text>
    <Text Include="input13.txt">
      <Filter>Resource Files</Filter>
    </Text>
    <Text Include="input14.txt">
      <Filter>Resource Files</Filter>
    </Text>
    <Text Include="input15.txt">
      <Filter>Resource Files</Filter>
    </Text>
    <Text Include="input16.txt">
      <Filter>Resource Files</Filter>
    </Text>
    <Text Include="input17.txt">
      <Filter>Resource Files</Filter>
    </Text>
    <Text Include="input18.txt">
      <Filter>Resource Files</Filter>
    </Text>
    <Text Include="input19.txt">
      <Filter>Resource Files</Filter>
    </Text>
    <Text Include="input20.txt">
      <Filter>Resource Files</Filter>
    </Text>
    <Text Include="input21.txt">
      <Filter>Resource Files</Filter>
    </Text>
    <Text Include="input22.txt">
      <Filter>Resource Files</Filter>
    </Text>
    <Text Include="input23.txt">
      <Filter>Resource Files</Filter>
    </Text>
    <Text Include="input24.txt">
      <Filter>Resource Files</Filter>
    </Text>
    <Text Include="LICENSE.txt">
      <Filter>Resource Files</Filter>
    </Text>
  </ItemGroup>
  <ItemGroup>
    <ClInclude Include="utils.h">
      <Filter>Header Files</Filter>
    </ClInclude>
    <ClInclude Include="AdventSolution.h">
      <Filter>Header Files</Filter>
    </ClInclude>
    <ClInclude Include="AdventSolution01.h">
      <Filter>Header Files</Filter>
    </ClInclude>
    <ClInclude Include="AdventSolution02.h">
      <Filter>Header Files</Filter>
    </ClInclude>
    <ClInclude Include="AdventSolution03.h">
      <Filter>Header Files</Filter>
    </ClInclude>
    <ClInclude Include="AdventSolution04.h">
      <Filter>Header Files</Filter>
    </ClInclude>
    <ClInclude Include="AdventSolution05.h">
      <Filter>Header Files</Filter>
    </ClInclude>
    <ClInclude Include="AdventSolution06.h">
      <Filter>Header Files</Filter>
    </ClInclude>
    <ClInclude Include="AdventSolution07.h">
      <Filter>Header Files</Filter>
    </ClInclude>
    <ClInclude Include="AdventSolution08.h">
      <Filter>Header Files</Filter>
    </ClInclude>
    <ClInclude Include="AdventSolution09.h">
      <Filter>Header Files</Filter>
    </ClInclude>
  </ItemGroup>
  <ItemGroup>
    <None Include="README.md">
      <Filter>Resource Files</Filter>
    </None>
  </ItemGroup>
</Project>